
Microsoft Visual Studio Solution File, Format Version 12.00
# Visual Studio 15
VisualStudioVersion = 15.0.28010.2019
MinimumVisualStudioVersion = 10.0.40219.1
Project("{8BC9CEB8-8B4A-11D0-8D11-00A0C91BC942}") = "TempLogger", "TempLogger\TempLogger.vcxproj", "{BF351588-C81C-4DC0-9B58-44940CB99E17}"
EndProject
Global
	GlobalSection(SolutionConfigurationPlatforms) = preSolution
		Debug|ARM = Debug|ARM
		Debug|ARM64 = Debug|ARM64
		Debug|x64 = Debug|x64
		Debug|x86 = Debug|x86
		Release|ARM = Release|ARM
		Release|ARM64 = Release|ARM64
		Release|x64 = Release|x64
		Release|x86 = Release|x86
	EndGlobalSection
	GlobalSection(ProjectConfigurationPlatforms) = postSolution
		{BF351588-C81C-4DC0-9B58-44940CB99E17}.Debug|ARM.ActiveCfg = Debug|ARM
		{BF351588-C81C-4DC0-9B58-44940CB99E17}.Debug|ARM.Build.0 = Debug|ARM
		{BF351588-C81C-4DC0-9B58-44940CB99E17}.Debug|ARM64.ActiveCfg = Debug|ARM64
		{BF351588-C81C-4DC0-9B58-44940CB99E17}.Debug|ARM64.Build.0 = Debug|ARM64
		{BF351588-C81C-4DC0-9B58-44940CB99E17}.Debug|x64.ActiveCfg = Debug|x64
		{BF351588-C81C-4DC0-9B58-44940CB99E17}.Debug|x64.Build.0 = Debug|x64
		{BF351588-C81C-4DC0-9B58-44940CB99E17}.Debug|x86.ActiveCfg = Debug|x86
		{BF351588-C81C-4DC0-9B58-44940CB99E17}.Debug|x86.Build.0 = Debug|x86
		{BF351588-C81C-4DC0-9B58-44940CB99E17}.Release|ARM.ActiveCfg = Release|ARM
		{BF351588-C81C-4DC0-9B58-44940CB99E17}.Release|ARM.Build.0 = Release|ARM
		{BF351588-C81C-4DC0-9B58-44940CB99E17}.Release|ARM64.ActiveCfg = Release|ARM64
		{BF351588-C81C-4DC0-9B58-44940CB99E17}.Release|ARM64.Build.0 = Release|ARM64
		{BF351588-C81C-4DC0-9B58-44940CB99E17}.Release|x64.ActiveCfg = Release|x64
		{BF351588-C81C-4DC0-9B58-44940CB99E17}.Release|x64.Build.0 = Release|x64
		{BF351588-C81C-4DC0-9B58-44940CB99E17}.Release|x86.ActiveCfg = Release|x86
		{BF351588-C81C-4DC0-9B58-44940CB99E17}.Release|x86.Build.0 = Release|x86
	EndGlobalSection
	GlobalSection(SolutionProperties) = preSolution
		HideSolutionNode = FALSE
	EndGlobalSection
	GlobalSection(ExtensibilityGlobals) = postSolution
		SolutionGuid = {1A504C4A-CBE4-4BE1-AB84-27FA410BEF16}
	EndGlobalSection
EndGlobal
